
Microsoft Visual Studio Solution File, Format Version 12.00
# Visual Studio Version 17
VisualStudioVersion = 17.3.32505.426
MinimumVisualStudioVersion = 10.0.40219.1
Project("{9A19103F-16F7-4668-BE54-9A1E7A4F7556}") = "Generate", "Generate\Generate.csproj", "{C045ED77-4E7D-48AE-8155-D5ADDCAD9EFF}"
EndProject
Project("{9A19103F-16F7-4668-BE54-9A1E7A4F7556}") = "Sort", "Sort\Sort.csproj", "{5C58C104-1AD7-46C9-A803-164953A188AF}"
EndProject
Project("{FAE04EC0-301F-11D3-BF4B-00C04F79EFBC}") = "Benchmarks", "Benchmarks\Benchmarks.csproj", "{64D71475-492D-476D-B3E9-738DB88D96B6}"
EndProject
Project("{FAE04EC0-301F-11D3-BF4B-00C04F79EFBC}") = "MemoryMappedFileExtensions", "MemoryMappedFileExtensions\MemoryMappedFileExtensions.csproj", "{5175EA78-EFF8-4434-863F-1561A20F20F5}"
EndProject
Global
	GlobalSection(SolutionConfigurationPlatforms) = preSolution
		Debug|Any CPU = Debug|Any CPU
		Release|Any CPU = Release|Any CPU
	EndGlobalSection
	GlobalSection(ProjectConfigurationPlatforms) = postSolution
		{C045ED77-4E7D-48AE-8155-D5ADDCAD9EFF}.Debug|Any CPU.ActiveCfg = Debug|Any CPU
		{C045ED77-4E7D-48AE-8155-D5ADDCAD9EFF}.Debug|Any CPU.Build.0 = Debug|Any CPU
		{C045ED77-4E7D-48AE-8155-D5ADDCAD9EFF}.Release|Any CPU.ActiveCfg = Release|Any CPU
		{C045ED77-4E7D-48AE-8155-D5ADDCAD9EFF}.Release|Any CPU.Build.0 = Release|Any CPU
		{5C58C104-1AD7-46C9-A803-164953A188AF}.Debug|Any CPU.ActiveCfg = Debug|Any CPU
		{5C58C104-1AD7-46C9-A803-164953A188AF}.Debug|Any CPU.Build.0 = Debug|Any CPU
		{5C58C104-1AD7-46C9-A803-164953A188AF}.Release|Any CPU.ActiveCfg = Release|Any CPU
		{5C58C104-1AD7-46C9-A803-164953A188AF}.Release|Any CPU.Build.0 = Release|Any CPU
		{64D71475-492D-476D-B3E9-738DB88D96B6}.Debug|Any CPU.ActiveCfg = Debug|Any CPU
		{64D71475-492D-476D-B3E9-738DB88D96B6}.Debug|Any CPU.Build.0 = Debug|Any CPU
		{64D71475-492D-476D-B3E9-738DB88D96B6}.Release|Any CPU.ActiveCfg = Release|Any CPU
		{64D71475-492D-476D-B3E9-738DB88D96B6}.Release|Any CPU.Build.0 = Release|Any CPU
		{5175EA78-EFF8-4434-863F-1561A20F20F5}.Debug|Any CPU.ActiveCfg = Debug|Any CPU
		{5175EA78-EFF8-4434-863F-1561A20F20F5}.Debug|Any CPU.Build.0 = Debug|Any CPU
		{5175EA78-EFF8-4434-863F-1561A20F20F5}.Release|Any CPU.ActiveCfg = Release|Any CPU
		{5175EA78-EFF8-4434-863F-1561A20F20F5}.Release|Any CPU.Build.0 = Release|Any CPU
	EndGlobalSection
	GlobalSection(SolutionProperties) = preSolution
		HideSolutionNode = FALSE
	EndGlobalSection
	GlobalSection(ExtensibilityGlobals) = postSolution
		SolutionGuid = {7E964674-564E-41A3-A151-F1FAD6BBAC63}
	EndGlobalSection
EndGlobal
